Microsoft Visual Studio Solution File, Format Version 12.00
# Visual Studio Version 17
VisualStudioVersion = 17.14.35906.104
MinimumVisualStudioVersion = 10.0.40219.1
Project("{FAE04EC0-301F-11D3-BF4B-00C04F79EFBC}") = "Harden Windows Security", "Harden Windows Security.csproj", "{A8560228-16BF-484B-B1D3-E1682161B019}"
EndProject
Global
	GlobalSection(SolutionConfigurationPlatforms) = preSolution
		Debug|ARM64 = Debug|ARM64
		Debug|x64 = Debug|x64
		Debug|x86 = Debug|x86
		Release|ARM64 = Release|ARM64
		Release|x64 = Release|x64
		Release|x86 = Release|x86
	EndGlobalSection
	GlobalSection(ProjectConfigurationPlatforms) = postSolution
		{A8560228-16BF-484B-B1D3-E1682161B019}.Debug|ARM64.ActiveCfg = Debug|ARM64
		{A8560228-16BF-484B-B1D3-E1682161B019}.Debug|ARM64.Build.0 = Debug|ARM64
		{A8560228-16BF-484B-B1D3-E1682161B019}.Debug|ARM64.Deploy.0 = Debug|ARM64
		{A8560228-16BF-484B-B1D3-E1682161B019}.Debug|x64.ActiveCfg = Debug|x64
		{A8560228-16BF-484B-B1D3-E1682161B019}.Debug|x64.Build.0 = Debug|x64
		{A8560228-16BF-484B-B1D3-E1682161B019}.Debug|x64.Deploy.0 = Debug|x64
		{A8560228-16BF-484B-B1D3-E1682161B019}.Debug|x86.ActiveCfg = Debug|x86
		{A8560228-16BF-484B-B1D3-E1682161B019}.Debug|x86.Build.0 = Debug|x86
		{A8560228-16BF-484B-B1D3-E1682161B019}.Debug|x86.Deploy.0 = Debug|x86
		{A8560228-16BF-484B-B1D3-E1682161B019}.Release|ARM64.ActiveCfg = Release|ARM64
		{A8560228-16BF-484B-B1D3-E1682161B019}.Release|ARM64.Build.0 = Release|ARM64
		{A8560228-16BF-484B-B1D3-E1682161B019}.Release|ARM64.Deploy.0 = Release|ARM64
		{A8560228-16BF-484B-B1D3-E1682161B019}.Release|x64.ActiveCfg = Release|x64
		{A8560228-16BF-484B-B1D3-E1682161B019}.Release|x64.Build.0 = Release|x64
		{A8560228-16BF-484B-B1D3-E1682161B019}.Release|x64.Deploy.0 = Release|x64
		{A8560228-16BF-484B-B1D3-E1682161B019}.Release|x86.ActiveCfg = Release|x86
		{A8560228-16BF-484B-B1D3-E1682161B019}.Release|x86.Build.0 = Release|x86
		{A8560228-16BF-484B-B1D3-E1682161B019}.Release|x86.Deploy.0 = Release|x86
	EndGlobalSection
	GlobalSection(SolutionProperties) = preSolution
		HideSolutionNode = FALSE
	EndGlobalSection
	GlobalSection(ExtensibilityGlobals) = postSolution
		SolutionGuid = {A9E6F921-B3AA-465D-B5F0-7C30439D7856}
	EndGlobalSection
EndGlobal
