
Microsoft Visual Studio Solution File, Format Version 12.00
# Visual Studio Version 17
VisualStudioVersion = 17.11.35125.118
MinimumVisualStudioVersion = 10.0.40219.1
Project("{FAE04EC0-301F-11D3-BF4B-00C04F79EFBC}") = "WDACConfig", "WDACConfig.csproj", "{C085E2C9-5DCF-4681-B5CB-D44D2634202D}"
EndProject
Global
	GlobalSection(SolutionConfigurationPlatforms) = preSolution
		Debug|Any CPU = Debug|Any CPU
		Release|Any CPU = Release|Any CPU
	EndGlobalSection
	GlobalSection(ProjectConfigurationPlatforms) = postSolution
		{C085E2C9-5DCF-4681-B5CB-D44D2634202D}.Debug|Any CPU.ActiveCfg = Debug|Any CPU
		{C085E2C9-5DCF-4681-B5CB-D44D2634202D}.Debug|Any CPU.Build.0 = Debug|Any CPU
		{C085E2C9-5DCF-4681-B5CB-D44D2634202D}.Release|Any CPU.ActiveCfg = Release|Any CPU
		{C085E2C9-5DCF-4681-B5CB-D44D2634202D}.Release|Any CPU.Build.0 = Release|Any CPU
	EndGlobalSection
	GlobalSection(SolutionProperties) = preSolution
		HideSolutionNode = FALSE
	EndGlobalSection
	GlobalSection(ExtensibilityGlobals) = postSolution
		SolutionGuid = {4EA94BAD-4179-4D30-9DFF-F03992DCE79C}
	EndGlobalSection
EndGlobal
